{
  "version": 4,
  "terraform_version": "0.12.29",
  "serial": 24,
  "lineage": "fd2fa691-0157-95fd-1195-ae2252988250",
  "outputs": {
    "lambda_arn": {
      "value": "arn:aws:lambda:us-east-1:376262390406:function:greet_lambda",
      "type": "string"
    }
  },
  "resources": [
    {
      "mode": "data",
      "type": "archive_file",
      "name": "app_deployment_file",
      "provider": "provider.archive",
      "instances": [
        {
          "schema_version": 0,
          "attributes": {
            "excludes": null,
            "id": "fa189146e472f91eab5cb3ec7a5d0e255c0bb365",
            "output_base64sha256": "adxpf22UZPWYyZIbLBLTqGhfJAfoljVojsoO1Oo2Iwc=",
            "output_md5": "4675868d49d66cd9dd5854f72822d7de",
            "output_path": "app.zip",
            "output_sha": "fa189146e472f91eab5cb3ec7a5d0e255c0bb365",
            "output_size": 248,
            "source": [],
            "source_content": null,
            "source_content_filename": null,
            "source_dir": null,
            "source_file": "greet_lambda.py",
            "type": "zip"
          }
        }
      ]
    },
    {
      "mode": "managed",
      "type": "aws_cloudwatch_event_rule",
      "name": "demo_lambda_every_one_minute",
      "provider": "provider.aws",
      "instances": [
        {
          "schema_version": 0,
          "attributes": {
            "arn": "arn:aws:events:us-east-1:376262390406:rule/demo_lambda_every_one_minute",
            "description": "",
            "event_pattern": null,
            "id": "demo_lambda_every_one_minute",
            "is_enabled": true,
            "name": "demo_lambda_every_one_minute",
            "name_prefix": null,
            "role_arn": "",
            "schedule_expression": "rate(1 minute)",
            "tags": null
          },
          "private": "bnVsbA==",
          "dependencies": [
            "aws_lambda_function.lambda_udacity"
          ]
        }
      ]
    },
    {
      "mode": "managed",
      "type": "aws_cloudwatch_event_target",
      "name": "lambda_udacity",
      "provider": "provider.aws",
      "instances": [
        {
          "schema_version": 0,
          "attributes": {
            "arn": "arn:aws:lambda:us-east-1:376262390406:function:greet_lambda",
            "batch_target": [],
            "ecs_target": [],
            "id": "demo_lambda_every_one_minute-lambda_udacity",
            "input": "",
            "input_path": "",
            "input_transformer": [],
            "kinesis_target": [],
            "role_arn": "",
            "rule": "demo_lambda_every_one_minute",
            "run_command_targets": [],
            "sqs_target": [],
            "target_id": "lambda_udacity"
          },
          "private": "bnVsbA==",
          "dependencies": [
            "aws_cloudwatch_event_rule.demo_lambda_every_one_minute",
            "aws_lambda_function.lambda_udacity"
          ]
        }
      ]
    },
    {
      "mode": "managed",
      "type": "aws_cloudwatch_log_group",
      "name": "udacity_logs",
      "provider": "provider.aws",
      "instances": [
        {
          "schema_version": 0,
          "attributes": {
            "arn": "arn:aws:logs:us-east-1:376262390406:log-group:greet_lambda:*",
            "id": "greet_lambda",
            "kms_key_id": "",
            "name": "greet_lambda",
            "name_prefix": null,
            "retention_in_days": 14,
            "tags": {}
          },
          "private": "bnVsbA==",
          "dependencies": [
            "aws_lambda_function.lambda_udacity"
          ]
        }
      ]
    },
    {
      "mode": "managed",
      "type": "aws_iam_policy",
      "name": "lambda_logging",
      "provider": "provider.aws",
      "instances": [
        {
          "schema_version": 0,
          "attributes": {
            "arn": "arn:aws:iam::376262390406:policy/lambda_logging",
            "description": "IAM policy for logging from a lambda",
            "id": "arn:aws:iam::376262390406:policy/lambda_logging",
            "name": "lambda_logging",
            "name_prefix": null,
            "path": "/",
            "policy": "{\n  \"Version\": \"2012-10-17\",\n  \"Statement\": [\n    {\n      \"Action\": [\n        \"logs:CreateLogGroup\",\n        \"logs:CreateLogStream\",\n        \"logs:PutLogEvents\"\n      ],      \n      \"Resource\": \"arn:aws:logs:*:*:*\",\n      \"Effect\": \"Allow\"\n    }\n  ]\n}\n"
          },
          "private": "bnVsbA=="
        }
      ]
    },
    {
      "mode": "managed",
      "type": "aws_iam_role",
      "name": "iam_for_lambda",
      "provider": "provider.aws",
      "instances": [
        {
          "schema_version": 0,
          "attributes": {
            "arn": "arn:aws:iam::376262390406:role/iam_for_lambda",
            "assume_role_policy": "{\"Version\":\"2012-10-17\",\"Statement\":[{\"Sid\":\"\",\"Effect\":\"Allow\",\"Principal\":{\"Service\":\"lambda.amazonaws.com\"},\"Action\":\"sts:AssumeRole\"}]}",
            "create_date": "2020-07-27T15:57:32Z",
            "description": "",
            "force_detach_policies": false,
            "id": "iam_for_lambda",
            "max_session_duration": 3600,
            "name": "iam_for_lambda",
            "name_prefix": null,
            "path": "/",
            "permissions_boundary": null,
            "tags": {},
            "unique_id": "AROAVPGX4OKDIBEVM776C"
          },
          "private": "bnVsbA=="
        }
      ]
    },
    {
      "mode": "managed",
      "type": "aws_iam_role_policy_attachment",
      "name": "lambda_logs",
      "provider": "provider.aws",
      "instances": [
        {
          "schema_version": 0,
          "attributes": {
            "id": "iam_for_lambda-20200727155734460200000001",
            "policy_arn": "arn:aws:iam::376262390406:policy/lambda_logging",
            "role": "iam_for_lambda"
          },
          "private": "bnVsbA==",
          "dependencies": [
            "aws_iam_policy.lambda_logging",
            "aws_iam_role.iam_for_lambda"
          ]
        }
      ]
    },
    {
      "mode": "managed",
      "type": "aws_lambda_function",
      "name": "lambda_udacity",
      "provider": "provider.aws",
      "instances": [
        {
          "schema_version": 0,
          "attributes": {
            "arn": "arn:aws:lambda:us-east-1:376262390406:function:greet_lambda",
            "dead_letter_config": [],
            "description": "",
            "environment": [
              {
                "variables": {
                  "greeting": "Hi there!"
                }
              }
            ],
            "file_system_config": [],
            "filename": "app.zip",
            "function_name": "greet_lambda",
            "handler": "greet_lambda.lambda_handler",
            "id": "greet_lambda",
            "invoke_arn": "arn:aws:apigateway:us-east-1:lambda:path/2015-03-31/functions/arn:aws:lambda:us-east-1:376262390406:function:greet_lambda/invocations",
            "kms_key_arn": "",
            "last_modified": "2020-07-27T16:09:39.700+0000",
            "layers": [],
            "memory_size": 128,
            "publish": false,
            "qualified_arn": "arn:aws:lambda:us-east-1:376262390406:function:greet_lambda:$LATEST",
            "reserved_concurrent_executions": -1,
            "role": "arn:aws:iam::376262390406:role/iam_for_lambda",
            "runtime": "python3.8",
            "s3_bucket": null,
            "s3_key": null,
            "s3_object_version": null,
            "source_code_hash": "adxpf22UZPWYyZIbLBLTqGhfJAfoljVojsoO1Oo2Iwc=",
            "source_code_size": 248,
            "tags": {},
            "timeout": 3,
            "timeouts": null,
            "tracing_config": [
              {
                "mode": "PassThrough"
              }
            ],
            "version": "$LATEST",
            "vpc_config": []
          },
          "private": "eyJlMmJmYjczMC1lY2FhLTExZTYtOGY4OC0zNDM2M2JjN2M0YzAiOnsiY3JlYXRlIjo2MDAwMDAwMDAwMDB9fQ==",
          "dependencies": [
            "aws_iam_role.iam_for_lambda"
          ]
        }
      ]
    },
    {
      "mode": "managed",
      "type": "aws_lambda_permission",
      "name": "demo_lambda_every_one_minute",
      "provider": "provider.aws",
      "instances": [
        {
          "schema_version": 0,
          "attributes": {
            "action": "lambda:InvokeFunction",
            "event_source_token": null,
            "function_name": "greet_lambda",
            "id": "AllowExecutionFromCloudWatch",
            "principal": "events.amazonaws.com",
            "qualifier": "",
            "source_account": null,
            "source_arn": "arn:aws:events:us-east-1:376262390406:rule/demo_lambda_every_one_minute",
            "statement_id": "AllowExecutionFromCloudWatch",
            "statement_id_prefix": null
          },
          "private": "bnVsbA==",
          "dependencies": [
            "aws_cloudwatch_event_rule.demo_lambda_every_one_minute",
            "aws_lambda_function.lambda_udacity"
          ]
        }
      ]
    },
    {
      "mode": "managed",
      "type": "aws_subnet",
      "name": "main",
      "provider": "provider.aws",
      "instances": [
        {
          "schema_version": 1,
          "attributes": {
            "arn": "arn:aws:ec2:us-east-1:376262390406:subnet/subnet-081182ac8d82a5382",
            "assign_ipv6_address_on_creation": false,
            "availability_zone": "us-east-1d",
            "availability_zone_id": "use1-az2",
            "cidr_block": "10.0.1.0/24",
            "id": "subnet-081182ac8d82a5382",
            "ipv6_cidr_block": "",
            "ipv6_cidr_block_association_id": "",
            "map_public_ip_on_launch": false,
            "outpost_arn": "",
            "owner_id": "376262390406",
            "tags": {
              "Name": "Main"
            },
            "timeouts": null,
            "vpc_id": "vpc-0279e2e1878e8d00c"
          },
          "private": "eyJlMmJmYjczMC1lY2FhLTExZTYtOGY4OC0zNDM2M2JjN2M0YzAiOnsiY3JlYXRlIjo2MDAwMDAwMDAwMDAsImRlbGV0ZSI6MTIwMDAwMDAwMDAwMH0sInNjaGVtYV92ZXJzaW9uIjoiMSJ9",
          "dependencies": [
            "aws_vpc.main"
          ]
        }
      ]
    },
    {
      "mode": "managed",
      "type": "aws_vpc",
      "name": "main",
      "provider": "provider.aws",
      "instances": [
        {
          "schema_version": 1,
          "attributes": {
            "arn": "arn:aws:ec2:us-east-1:376262390406:vpc/vpc-0279e2e1878e8d00c",
            "assign_generated_ipv6_cidr_block": false,
            "cidr_block": "10.0.0.0/16",
            "default_network_acl_id": "acl-0fab2e34b44043f98",
            "default_route_table_id": "rtb-0552817ec87fb4b51",
            "default_security_group_id": "sg-043df8c5ae897301b",
            "dhcp_options_id": "dopt-bf5ee9c5",
            "enable_classiclink": false,
            "enable_classiclink_dns_support": false,
            "enable_dns_hostnames": false,
            "enable_dns_support": true,
            "id": "vpc-0279e2e1878e8d00c",
            "instance_tenancy": "default",
            "ipv6_association_id": "",
            "ipv6_cidr_block": "",
            "main_route_table_id": "rtb-0552817ec87fb4b51",
            "owner_id": "376262390406",
            "tags": {}
          },
          "private": "eyJzY2hlbWFfdmVyc2lvbiI6IjEifQ=="
        }
      ]
    }
  ]
}
